
Microsoft Visual Studio Solution File, Format Version 12.00
# Visual Studio Version 17
VisualStudioVersion = 17.0.32112.339
MinimumVisualStudioVersion = 10.0.40219.1
Project("{FAE04EC0-301F-11D3-BF4B-00C04F79EFBC}") = "SpeechMod", "SpeechMod\SpeechMod.csproj", "{DE7D77D9-DB2B-456B-B2E8-734963C7DE0D}"
EndProject
Project("{9A19103F-16F7-4668-BE54-9A1E7A4F7556}") = "Test", "Test\Test.csproj", "{6862CDBB-3CD2-4ED8-88A7-428DC723D3D9}"
EndProject
Global
	GlobalSection(SolutionConfigurationPlatforms) = preSolution
		Debug|Any CPU = Debug|Any CPU
		Release|Any CPU = Release|Any CPU
	EndGlobalSection
	GlobalSection(ProjectConfigurationPlatforms) = postSolution
		{DE7D77D9-DB2B-456B-B2E8-734963C7DE0D}.Debug|Any CPU.ActiveCfg = Debug|Any CPU
		{DE7D77D9-DB2B-456B-B2E8-734963C7DE0D}.Debug|Any CPU.Build.0 = Debug|Any CPU
		{DE7D77D9-DB2B-456B-B2E8-734963C7DE0D}.Release|Any CPU.ActiveCfg = Release|Any CPU
		{DE7D77D9-DB2B-456B-B2E8-734963C7DE0D}.Release|Any CPU.Build.0 = Release|Any CPU
		{6862CDBB-3CD2-4ED8-88A7-428DC723D3D9}.Debug|Any CPU.ActiveCfg = Debug|Any CPU
		{6862CDBB-3CD2-4ED8-88A7-428DC723D3D9}.Debug|Any CPU.Build.0 = Debug|Any CPU
		{6862CDBB-3CD2-4ED8-88A7-428DC723D3D9}.Release|Any CPU.ActiveCfg = Release|Any CPU
		{6862CDBB-3CD2-4ED8-88A7-428DC723D3D9}.Release|Any CPU.Build.0 = Release|Any CPU
	EndGlobalSection
	GlobalSection(SolutionProperties) = preSolution
		HideSolutionNode = FALSE
	EndGlobalSection
	GlobalSection(ExtensibilityGlobals) = postSolution
		SolutionGuid = {65A6B4C7-22CA-4183-A92B-FFCCD3369DA3}
	EndGlobalSection
EndGlobal
