
Microsoft Visual Studio Solution File, Format Version 12.00
# Visual Studio Version 17
VisualStudioVersion = 17.0.32112.339
MinimumVisualStudioVersion = 10.0.40219.1
Project("{FAE04EC0-301F-11D3-BF4B-00C04F79EFBC}") = "SpeechMod", "SpeechMod\SpeechMod.csproj", "{DE7D77D9-DB2B-456B-B2E8-734963C7DE0D}"
EndProject
Project("{9A19103F-16F7-4668-BE54-9A1E7A4F7556}") = "Test", "Test\Test.csproj", "{A75D9932-76B4-44F0-9478-CAF648B0996E}"
EndProject
Project("{FAE04EC0-301F-11D3-BF4B-00C04F79EFBC}") = "WindowsSpeechSynthesisAOT", "WindowsSpeechSynthesisAOT\WindowsSpeechSynthesisAOT.csproj", "{7668EC5C-5783-4049-A30E-CFFF2CC1D930}"
EndProject
Global
	GlobalSection(SolutionConfigurationPlatforms) = preSolution
		Debug|Any CPU = Debug|Any CPU
		Debug|ARM = Debug|ARM
		Debug|ARM64 = Debug|ARM64
		Debug|x64 = Debug|x64
		Debug|x86 = Debug|x86
		Release|Any CPU = Release|Any CPU
		Release|ARM = Release|ARM
		Release|ARM64 = Release|ARM64
		Release|x64 = Release|x64
		Release|x86 = Release|x86
	EndGlobalSection
	GlobalSection(ProjectConfigurationPlatforms) = postSolution
		{DE7D77D9-DB2B-456B-B2E8-734963C7DE0D}.Debug|Any CPU.ActiveCfg = Debug|Any CPU
		{DE7D77D9-DB2B-456B-B2E8-734963C7DE0D}.Debug|Any CPU.Build.0 = Debug|Any CPU
		{DE7D77D9-DB2B-456B-B2E8-734963C7DE0D}.Debug|ARM.ActiveCfg = Debug|Any CPU
		{DE7D77D9-DB2B-456B-B2E8-734963C7DE0D}.Debug|ARM.Build.0 = Debug|Any CPU
		{DE7D77D9-DB2B-456B-B2E8-734963C7DE0D}.Debug|ARM64.ActiveCfg = Debug|Any CPU
		{DE7D77D9-DB2B-456B-B2E8-734963C7DE0D}.Debug|ARM64.Build.0 = Debug|Any CPU
		{DE7D77D9-DB2B-456B-B2E8-734963C7DE0D}.Debug|x64.ActiveCfg = Debug|Any CPU
		{DE7D77D9-DB2B-456B-B2E8-734963C7DE0D}.Debug|x64.Build.0 = Debug|Any CPU
		{DE7D77D9-DB2B-456B-B2E8-734963C7DE0D}.Debug|x86.ActiveCfg = Debug|Any CPU
		{DE7D77D9-DB2B-456B-B2E8-734963C7DE0D}.Debug|x86.Build.0 = Debug|Any CPU
		{DE7D77D9-DB2B-456B-B2E8-734963C7DE0D}.Release|Any CPU.ActiveCfg = Release|Any CPU
		{DE7D77D9-DB2B-456B-B2E8-734963C7DE0D}.Release|Any CPU.Build.0 = Release|Any CPU
		{DE7D77D9-DB2B-456B-B2E8-734963C7DE0D}.Release|ARM.ActiveCfg = Release|Any CPU
		{DE7D77D9-DB2B-456B-B2E8-734963C7DE0D}.Release|ARM.Build.0 = Release|Any CPU
		{DE7D77D9-DB2B-456B-B2E8-734963C7DE0D}.Release|ARM64.ActiveCfg = Release|Any CPU
		{DE7D77D9-DB2B-456B-B2E8-734963C7DE0D}.Release|ARM64.Build.0 = Release|Any CPU
		{DE7D77D9-DB2B-456B-B2E8-734963C7DE0D}.Release|x64.ActiveCfg = Release|Any CPU
		{DE7D77D9-DB2B-456B-B2E8-734963C7DE0D}.Release|x64.Build.0 = Release|Any CPU
		{DE7D77D9-DB2B-456B-B2E8-734963C7DE0D}.Release|x86.ActiveCfg = Release|Any CPU
		{DE7D77D9-DB2B-456B-B2E8-734963C7DE0D}.Release|x86.Build.0 = Release|Any CPU
		{A75D9932-76B4-44F0-9478-CAF648B0996E}.Debug|Any CPU.ActiveCfg = Debug|Any CPU
		{A75D9932-76B4-44F0-9478-CAF648B0996E}.Debug|Any CPU.Build.0 = Debug|Any CPU
		{A75D9932-76B4-44F0-9478-CAF648B0996E}.Debug|ARM.ActiveCfg = Debug|Any CPU
		{A75D9932-76B4-44F0-9478-CAF648B0996E}.Debug|ARM.Build.0 = Debug|Any CPU
		{A75D9932-76B4-44F0-9478-CAF648B0996E}.Debug|ARM64.ActiveCfg = Debug|Any CPU
		{A75D9932-76B4-44F0-9478-CAF648B0996E}.Debug|ARM64.Build.0 = Debug|Any CPU
		{A75D9932-76B4-44F0-9478-CAF648B0996E}.Debug|x64.ActiveCfg = Debug|Any CPU
		{A75D9932-76B4-44F0-9478-CAF648B0996E}.Debug|x64.Build.0 = Debug|Any CPU
		{A75D9932-76B4-44F0-9478-CAF648B0996E}.Debug|x86.ActiveCfg = Debug|Any CPU
		{A75D9932-76B4-44F0-9478-CAF648B0996E}.Debug|x86.Build.0 = Debug|Any CPU
		{A75D9932-76B4-44F0-9478-CAF648B0996E}.Release|Any CPU.ActiveCfg = Release|Any CPU
		{A75D9932-76B4-44F0-9478-CAF648B0996E}.Release|Any CPU.Build.0 = Release|Any CPU
		{A75D9932-76B4-44F0-9478-CAF648B0996E}.Release|ARM.ActiveCfg = Release|Any CPU
		{A75D9932-76B4-44F0-9478-CAF648B0996E}.Release|ARM.Build.0 = Release|Any CPU
		{A75D9932-76B4-44F0-9478-CAF648B0996E}.Release|ARM64.ActiveCfg = Release|Any CPU
		{A75D9932-76B4-44F0-9478-CAF648B0996E}.Release|ARM64.Build.0 = Release|Any CPU
		{A75D9932-76B4-44F0-9478-CAF648B0996E}.Release|x64.ActiveCfg = Release|Any CPU
		{A75D9932-76B4-44F0-9478-CAF648B0996E}.Release|x64.Build.0 = Release|Any CPU
		{A75D9932-76B4-44F0-9478-CAF648B0996E}.Release|x86.ActiveCfg = Release|Any CPU
		{A75D9932-76B4-44F0-9478-CAF648B0996E}.Release|x86.Build.0 = Release|Any CPU
		{7668EC5C-5783-4049-A30E-CFFF2CC1D930}.Debug|Any CPU.ActiveCfg = Debug|Any CPU
		{7668EC5C-5783-4049-A30E-CFFF2CC1D930}.Debug|Any CPU.Build.0 = Debug|Any CPU
		{7668EC5C-5783-4049-A30E-CFFF2CC1D930}.Debug|ARM.ActiveCfg = Debug|Any CPU
		{7668EC5C-5783-4049-A30E-CFFF2CC1D930}.Debug|ARM.Build.0 = Debug|Any CPU
		{7668EC5C-5783-4049-A30E-CFFF2CC1D930}.Debug|ARM64.ActiveCfg = Debug|Any CPU
		{7668EC5C-5783-4049-A30E-CFFF2CC1D930}.Debug|ARM64.Build.0 = Debug|Any CPU
		{7668EC5C-5783-4049-A30E-CFFF2CC1D930}.Debug|x64.ActiveCfg = Debug|Any CPU
		{7668EC5C-5783-4049-A30E-CFFF2CC1D930}.Debug|x64.Build.0 = Debug|Any CPU
		{7668EC5C-5783-4049-A30E-CFFF2CC1D930}.Debug|x86.ActiveCfg = Debug|Any CPU
		{7668EC5C-5783-4049-A30E-CFFF2CC1D930}.Debug|x86.Build.0 = Debug|Any CPU
		{7668EC5C-5783-4049-A30E-CFFF2CC1D930}.Release|Any CPU.ActiveCfg = Release|Any CPU
		{7668EC5C-5783-4049-A30E-CFFF2CC1D930}.Release|Any CPU.Build.0 = Release|Any CPU
		{7668EC5C-5783-4049-A30E-CFFF2CC1D930}.Release|ARM.ActiveCfg = Release|Any CPU
		{7668EC5C-5783-4049-A30E-CFFF2CC1D930}.Release|ARM.Build.0 = Release|Any CPU
		{7668EC5C-5783-4049-A30E-CFFF2CC1D930}.Release|ARM64.ActiveCfg = Release|Any CPU
		{7668EC5C-5783-4049-A30E-CFFF2CC1D930}.Release|ARM64.Build.0 = Release|Any CPU
		{7668EC5C-5783-4049-A30E-CFFF2CC1D930}.Release|x64.ActiveCfg = Release|Any CPU
		{7668EC5C-5783-4049-A30E-CFFF2CC1D930}.Release|x64.Build.0 = Release|Any CPU
		{7668EC5C-5783-4049-A30E-CFFF2CC1D930}.Release|x86.ActiveCfg = Release|Any CPU
		{7668EC5C-5783-4049-A30E-CFFF2CC1D930}.Release|x86.Build.0 = Release|Any CPU
	EndGlobalSection
	GlobalSection(SolutionProperties) = preSolution
		HideSolutionNode = FALSE
	EndGlobalSection
	GlobalSection(ExtensibilityGlobals) = postSolution
		SolutionGuid = {65A6B4C7-22CA-4183-A92B-FFCCD3369DA3}
	EndGlobalSection
EndGlobal
