
Microsoft Visual Studio Solution File, Format Version 12.00
# Visual Studio Version 16
VisualStudioVersion = 16.0.31702.278
MinimumVisualStudioVersion = 10.0.40219.1
Project("{8BC9CEB8-8B4A-11D0-8D11-00A0C91BC942}") = "WindowsVoice", "WindowsVoice.vcxproj", "{AC8E5BA2-5F13-4C97-A35E-069E01781E85}"
EndProject
Global
	GlobalSection(SolutionConfigurationPlatforms) = preSolution
		Debug|x64 = Debug|x64
		Debug|x86 = Debug|x86
		Release|x64 = Release|x64
		Release|x86 = Release|x86
	EndGlobalSection
	GlobalSection(ProjectConfigurationPlatforms) = postSolution
		{AC8E5BA2-5F13-4C97-A35E-069E01781E85}.Debug|x64.ActiveCfg = Debug|x64
		{AC8E5BA2-5F13-4C97-A35E-069E01781E85}.Debug|x64.Build.0 = Debug|x64
		{AC8E5BA2-5F13-4C97-A35E-069E01781E85}.Debug|x86.ActiveCfg = Debug|Win32
		{AC8E5BA2-5F13-4C97-A35E-069E01781E85}.Debug|x86.Build.0 = Debug|Win32
		{AC8E5BA2-5F13-4C97-A35E-069E01781E85}.Release|x64.ActiveCfg = Release|x64
		{AC8E5BA2-5F13-4C97-A35E-069E01781E85}.Release|x64.Build.0 = Release|x64
		{AC8E5BA2-5F13-4C97-A35E-069E01781E85}.Release|x86.ActiveCfg = Release|Win32
		{AC8E5BA2-5F13-4C97-A35E-069E01781E85}.Release|x86.Build.0 = Release|Win32
	EndGlobalSection
	GlobalSection(SolutionProperties) = preSolution
		HideSolutionNode = FALSE
	EndGlobalSection
	GlobalSection(ExtensibilityGlobals) = postSolution
		SolutionGuid = {F6D39397-AB07-4969-A70E-011BBED40FC0}
	EndGlobalSection
EndGlobal
